{
  "name": "@pojntfx/felicitas.pojtinger.com",
  "version": "0.0.1",
  "lockfileVersion": 2,
  "requires": true,
  "packages": {
    "": {
      "name": "@pojntfx/felicitas.pojtinger.com",
      "version": "0.0.1",
      "license": "AGPL-3.0",
      "dependencies": {
        "@fireworks-js/web": "^2.10.8",
        "@fontsource/lato": "^4.5.10",
        "@patternfly/patternfly": "^6.2.3",
        "magic-snowflakes": "^7.0.1"
      },
      "devDependencies": {
        "prettier": "^3.6.2",
        "prettier-plugin-go-template": "^0.0.15"
      }
    },
    "node_modules/@fireworks-js/web": {
      "version": "2.10.8",
      "resolved": "https://registry.npmjs.org/@fireworks-js/web/-/web-2.10.8.tgz",
      "integrity": "sha512-Od2vERoD9J3tVBrRb7d3tHNwwq1eJNd0lfiBOCyDz2Mvr7HUBTWdNAbcIqLULZN5mlRauWNbDagcVIRzbgiA6g==",
      "license": "MIT",
      "dependencies": {
        "fireworks-js": "2.10.8"
      }
    },
    "node_modules/@fontsource/lato": {
      "version": "4.5.10",
      "resolved": "https://registry.npmjs.org/@fontsource/lato/-/lato-4.5.10.tgz",
      "integrity": "sha512-2hYR6r661Cq9B8zugtu6yxuOKqrVhAgfOSaPSq8XoxbC4ebsl0KOTy/vPoP+9U7JuQVLfrmikirW4a9Z0nDUug==",
      "license": "MIT"
    },
    "node_modules/@patternfly/patternfly": {
      "version": "6.2.3",
      "resolved": "https://registry.npmjs.org/@patternfly/patternfly/-/patternfly-6.2.3.tgz",
      "integrity": "sha512-FR027W7JygcQpvlRU/Iom936Vm0apzfi2o5lvtlcWW6IaeZCCTtTaDxehoYuELHlemzkLziQAgu6LuCJEVayjw==",
      "license": "MIT"
    },
    "node_modules/fireworks-js": {
      "version": "2.10.8",
      "resolved": "https://registry.npmjs.org/fireworks-js/-/fireworks-js-2.10.8.tgz",
      "integrity": "sha512-UZNxeJvRmQzLisN4iriWXqKojG9TDJqc0dPmkUw0/+AEQQ3w8z1Jx2YdFSiBGSVb/u4dPTQXU109GMVblzhfpg==",
      "license": "MIT"
    },
    "node_modules/magic-snowflakes": {
      "version": "7.0.1",
      "resolved": "https://registry.npmjs.org/magic-snowflakes/-/magic-snowflakes-7.0.1.tgz",
      "integrity": "sha512-aXSZcL2QjKqqSWbQq1/Ivf07Q29+kO+pJ986CIavx2Cbf5ZJoIdk+bPXOzIp3QFpJrMnUUbpesCL9vRqMn2iLQ==",
      "license": "MIT",
      "engines": {
        "node": ">=10"
      }
    },
    "node_modules/prettier": {
      "version": "3.6.2",
      "resolved": "https://registry.npmjs.org/prettier/-/prettier-3.6.2.tgz",
      "integrity": "sha512-I7AIg5boAr5R0FFtJ6rCfD+LFsWHp81dolrFD8S79U9tb8Az2nGrJncnMSnys+bpQJfRUzqs9hnA81OAA3hCuQ==",
      "dev": true,
      "license": "MIT",
      "bin": {
        "prettier": "bin/prettier.cjs"
      },
      "engines": {
        "node": ">=14"
      },
      "funding": {
        "url": "https://github.com/prettier/prettier?sponsor=1"
      }
    },
    "node_modules/prettier-plugin-go-template": {
      "version": "0.0.15",
      "resolved": "https://registry.npmjs.org/prettier-plugin-go-template/-/prettier-plugin-go-template-0.0.15.tgz",
      "integrity": "sha512-WqU92E1NokWYNZ9mLE6ijoRg6LtIGdLMePt2C7UBDjXeDH9okcRI3zRqtnWR4s5AloiqyvZ66jNBAa9tmRY5EQ==",
      "dev": true,
      "license": "MIT",
      "dependencies": {
        "ulid": "^2.3.0"
      },
      "engines": {
        "node": ">=14.0.0"
      },
      "peerDependencies": {
        "prettier": "^3.0.0"
      }
    },
    "node_modules/ulid": {
      "version": "2.3.0",
      "resolved": "https://registry.npmjs.org/ulid/-/ulid-2.3.0.tgz",
      "integrity": "sha512-keqHubrlpvT6G2wH0OEfSW4mquYRcbe/J8NMmveoQOjUqmo+hXtO+ORCpWhdbZ7k72UtY61BL7haGxW6enBnjw==",
      "dev": true,
      "bin": {
        "ulid": "bin/cli.js"
      }
    }
  },
  "dependencies": {
    "@fireworks-js/web": {
      "version": "2.10.8",
      "resolved": "https://registry.npmjs.org/@fireworks-js/web/-/web-2.10.8.tgz",
      "integrity": "sha512-Od2vERoD9J3tVBrRb7d3tHNwwq1eJNd0lfiBOCyDz2Mvr7HUBTWdNAbcIqLULZN5mlRauWNbDagcVIRzbgiA6g==",
      "requires": {
        "fireworks-js": "2.10.8"
      }
    },
    "@fontsource/lato": {
      "version": "4.5.10",
      "resolved": "https://registry.npmjs.org/@fontsource/lato/-/lato-4.5.10.tgz",
      "integrity": "sha512-2hYR6r661Cq9B8zugtu6yxuOKqrVhAgfOSaPSq8XoxbC4ebsl0KOTy/vPoP+9U7JuQVLfrmikirW4a9Z0nDUug=="
    },
    "@patternfly/patternfly": {
      "version": "6.2.3",
      "resolved": "https://registry.npmjs.org/@patternfly/patternfly/-/patternfly-6.2.3.tgz",
      "integrity": "sha512-FR027W7JygcQpvlRU/Iom936Vm0apzfi2o5lvtlcWW6IaeZCCTtTaDxehoYuELHlemzkLziQAgu6LuCJEVayjw=="
    },
    "fireworks-js": {
      "version": "2.10.8",
      "resolved": "https://registry.npmjs.org/fireworks-js/-/fireworks-js-2.10.8.tgz",
      "integrity": "sha512-UZNxeJvRmQzLisN4iriWXqKojG9TDJqc0dPmkUw0/+AEQQ3w8z1Jx2YdFSiBGSVb/u4dPTQXU109GMVblzhfpg=="
    },
    "magic-snowflakes": {
      "version": "7.0.1",
      "resolved": "https://registry.npmjs.org/magic-snowflakes/-/magic-snowflakes-7.0.1.tgz",
      "integrity": "sha512-aXSZcL2QjKqqSWbQq1/Ivf07Q29+kO+pJ986CIavx2Cbf5ZJoIdk+bPXOzIp3QFpJrMnUUbpesCL9vRqMn2iLQ=="
    },
    "prettier": {
      "version": "3.6.2",
      "resolved": "https://registry.npmjs.org/prettier/-/prettier-3.6.2.tgz",
      "integrity": "sha512-I7AIg5boAr5R0FFtJ6rCfD+LFsWHp81dolrFD8S79U9tb8Az2nGrJncnMSnys+bpQJfRUzqs9hnA81OAA3hCuQ==",
      "dev": true
    },
    "prettier-plugin-go-template": {
      "version": "0.0.15",
      "resolved": "https://registry.npmjs.org/prettier-plugin-go-template/-/prettier-plugin-go-template-0.0.15.tgz",
      "integrity": "sha512-WqU92E1NokWYNZ9mLE6ijoRg6LtIGdLMePt2C7UBDjXeDH9okcRI3zRqtnWR4s5AloiqyvZ66jNBAa9tmRY5EQ==",
      "dev": true,
      "requires": {
        "ulid": "^2.3.0"
      }
    },
    "ulid": {
      "version": "2.3.0",
      "resolved": "https://registry.npmjs.org/ulid/-/ulid-2.3.0.tgz",
      "integrity": "sha512-keqHubrlpvT6G2wH0OEfSW4mquYRcbe/J8NMmveoQOjUqmo+hXtO+ORCpWhdbZ7k72UtY61BL7haGxW6enBnjw==",
      "dev": true
    }
  }
}
