{
  "name": "@pojntfx/felicitas.pojtinger.com",
  "version": "0.0.1",
  "lockfileVersion": 2,
  "requires": true,
  "packages": {
    "": {
      "name": "@pojntfx/felicitas.pojtinger.com",
      "version": "0.0.1",
      "license": "AGPL-3.0",
      "dependencies": {
        "@fireworks-js/web": "^2.10.8",
        "@fontsource/lato": "^4.5.10",
        "@patternfly/patternfly": "^6.2.3",
        "magic-snowflakes": "^6.3.0"
      },
      "devDependencies": {
        "prettier": "^2.8.8",
        "prettier-plugin-go-template": "^0.0.13"
      }
    },
    "node_modules/@fireworks-js/web": {
      "version": "2.10.8",
      "resolved": "https://registry.npmjs.org/@fireworks-js/web/-/web-2.10.8.tgz",
      "integrity": "sha512-Od2vERoD9J3tVBrRb7d3tHNwwq1eJNd0lfiBOCyDz2Mvr7HUBTWdNAbcIqLULZN5mlRauWNbDagcVIRzbgiA6g==",
      "license": "MIT",
      "dependencies": {
        "fireworks-js": "2.10.8"
      }
    },
    "node_modules/@fontsource/lato": {
      "version": "4.5.10",
      "resolved": "https://registry.npmjs.org/@fontsource/lato/-/lato-4.5.10.tgz",
      "integrity": "sha512-2hYR6r661Cq9B8zugtu6yxuOKqrVhAgfOSaPSq8XoxbC4ebsl0KOTy/vPoP+9U7JuQVLfrmikirW4a9Z0nDUug=="
    },
    "node_modules/@patternfly/patternfly": {
      "version": "6.2.3",
      "resolved": "https://registry.npmjs.org/@patternfly/patternfly/-/patternfly-6.2.3.tgz",
      "integrity": "sha512-FR027W7JygcQpvlRU/Iom936Vm0apzfi2o5lvtlcWW6IaeZCCTtTaDxehoYuELHlemzkLziQAgu6LuCJEVayjw==",
      "license": "MIT"
    },
    "node_modules/fireworks-js": {
      "version": "2.10.8",
      "resolved": "https://registry.npmjs.org/fireworks-js/-/fireworks-js-2.10.8.tgz",
      "integrity": "sha512-UZNxeJvRmQzLisN4iriWXqKojG9TDJqc0dPmkUw0/+AEQQ3w8z1Jx2YdFSiBGSVb/u4dPTQXU109GMVblzhfpg==",
      "license": "MIT"
    },
    "node_modules/magic-snowflakes": {
      "version": "6.3.0",
      "resolved": "https://registry.npmjs.org/magic-snowflakes/-/magic-snowflakes-6.3.0.tgz",
      "integrity": "sha512-sTENq0CmS7r70BA5XyRuA9a0dYbF6ENyTzAHUDd5yjPacUTXNAd/NyTF6E3iEt2SuX/aonyW7dtTm3ILN74AXQ==",
      "license": "MIT",
      "engines": {
        "node": ">=10"
      }
    },
    "node_modules/prettier": {
      "version": "2.8.8",
      "resolved": "https://registry.npmjs.org/prettier/-/prettier-2.8.8.tgz",
      "integrity": "sha512-tdN8qQGvNjw4CHbY+XXk0JgCXn9QiF21a55rBe5LJAU+kDyC4WQn4+awm2Xfk2lQMk5fKup9XgzTZtGkjBdP9Q==",
      "dev": true,
      "license": "MIT",
      "bin": {
        "prettier": "bin-prettier.js"
      },
      "engines": {
        "node": ">=10.13.0"
      },
      "funding": {
        "url": "https://github.com/prettier/prettier?sponsor=1"
      }
    },
    "node_modules/prettier-plugin-go-template": {
      "version": "0.0.13",
      "resolved": "https://registry.npmjs.org/prettier-plugin-go-template/-/prettier-plugin-go-template-0.0.13.tgz",
      "integrity": "sha512-gG/xT5kd+kCzoMaTchXvdfBdsunyRCV6G8cgdPGPd2V5JGGKXUG7SjzBKU7jaGh2RTeblcAdBb/E+S/duOAMsA==",
      "dev": true,
      "dependencies": {
        "ulid": "^2.3.0"
      },
      "engines": {
        "node": ">=14.0.0"
      },
      "peerDependencies": {
        "prettier": "^2.0.0"
      }
    },
    "node_modules/ulid": {
      "version": "2.3.0",
      "resolved": "https://registry.npmjs.org/ulid/-/ulid-2.3.0.tgz",
      "integrity": "sha512-keqHubrlpvT6G2wH0OEfSW4mquYRcbe/J8NMmveoQOjUqmo+hXtO+ORCpWhdbZ7k72UtY61BL7haGxW6enBnjw==",
      "dev": true,
      "bin": {
        "ulid": "bin/cli.js"
      }
    }
  },
  "dependencies": {
    "@fireworks-js/web": {
      "version": "2.10.8",
      "resolved": "https://registry.npmjs.org/@fireworks-js/web/-/web-2.10.8.tgz",
      "integrity": "sha512-Od2vERoD9J3tVBrRb7d3tHNwwq1eJNd0lfiBOCyDz2Mvr7HUBTWdNAbcIqLULZN5mlRauWNbDagcVIRzbgiA6g==",
      "requires": {
        "fireworks-js": "2.10.8"
      }
    },
    "@fontsource/lato": {
      "version": "4.5.10",
      "resolved": "https://registry.npmjs.org/@fontsource/lato/-/lato-4.5.10.tgz",
      "integrity": "sha512-2hYR6r661Cq9B8zugtu6yxuOKqrVhAgfOSaPSq8XoxbC4ebsl0KOTy/vPoP+9U7JuQVLfrmikirW4a9Z0nDUug=="
    },
    "@patternfly/patternfly": {
      "version": "6.2.3",
      "resolved": "https://registry.npmjs.org/@patternfly/patternfly/-/patternfly-6.2.3.tgz",
      "integrity": "sha512-FR027W7JygcQpvlRU/Iom936Vm0apzfi2o5lvtlcWW6IaeZCCTtTaDxehoYuELHlemzkLziQAgu6LuCJEVayjw=="
    },
    "fireworks-js": {
      "version": "2.10.8",
      "resolved": "https://registry.npmjs.org/fireworks-js/-/fireworks-js-2.10.8.tgz",
      "integrity": "sha512-UZNxeJvRmQzLisN4iriWXqKojG9TDJqc0dPmkUw0/+AEQQ3w8z1Jx2YdFSiBGSVb/u4dPTQXU109GMVblzhfpg=="
    },
    "magic-snowflakes": {
      "version": "6.3.0",
      "resolved": "https://registry.npmjs.org/magic-snowflakes/-/magic-snowflakes-6.3.0.tgz",
      "integrity": "sha512-sTENq0CmS7r70BA5XyRuA9a0dYbF6ENyTzAHUDd5yjPacUTXNAd/NyTF6E3iEt2SuX/aonyW7dtTm3ILN74AXQ=="
    },
    "prettier": {
      "version": "2.8.8",
      "resolved": "https://registry.npmjs.org/prettier/-/prettier-2.8.8.tgz",
      "integrity": "sha512-tdN8qQGvNjw4CHbY+XXk0JgCXn9QiF21a55rBe5LJAU+kDyC4WQn4+awm2Xfk2lQMk5fKup9XgzTZtGkjBdP9Q==",
      "dev": true
    },
    "prettier-plugin-go-template": {
      "version": "0.0.13",
      "resolved": "https://registry.npmjs.org/prettier-plugin-go-template/-/prettier-plugin-go-template-0.0.13.tgz",
      "integrity": "sha512-gG/xT5kd+kCzoMaTchXvdfBdsunyRCV6G8cgdPGPd2V5JGGKXUG7SjzBKU7jaGh2RTeblcAdBb/E+S/duOAMsA==",
      "dev": true,
      "requires": {
        "ulid": "^2.3.0"
      }
    },
    "ulid": {
      "version": "2.3.0",
      "resolved": "https://registry.npmjs.org/ulid/-/ulid-2.3.0.tgz",
      "integrity": "sha512-keqHubrlpvT6G2wH0OEfSW4mquYRcbe/J8NMmveoQOjUqmo+hXtO+ORCpWhdbZ7k72UtY61BL7haGxW6enBnjw==",
      "dev": true
    }
  }
}
