{
  "name": "@pojntfx/personal-site",
  "version": "0.0.1",
  "lockfileVersion": 2,
  "requires": true,
  "packages": {
    "": {
      "name": "@pojntfx/personal-site",
      "version": "0.0.1",
      "license": "AGPL-3.0",
      "dependencies": {
        "@patternfly/patternfly": "^4.171.1"
      }
    },
    "node_modules/@patternfly/patternfly": {
      "version": "4.171.1",
      "resolved": "https://registry.npmjs.org/@patternfly/patternfly/-/patternfly-4.171.1.tgz",
      "integrity": "sha512-e5Ykg+QOo8TsyOyG6SqytAs52MJXwaP020z3twb8z9G3ZNra92uNsrxGgZEqPJoWbjU4K7LGDxy2DOM1FeRoFw=="
    }
  },
  "dependencies": {
    "@patternfly/patternfly": {
      "version": "4.171.1",
      "resolved": "https://registry.npmjs.org/@patternfly/patternfly/-/patternfly-4.171.1.tgz",
      "integrity": "sha512-e5Ykg+QOo8TsyOyG6SqytAs52MJXwaP020z3twb8z9G3ZNra92uNsrxGgZEqPJoWbjU4K7LGDxy2DOM1FeRoFw=="
    }
  }
}
